<Solution>
  <Folder Name="/Demo/">
    <Project Path="Demo/BlazorDevTools.Demo.Client/BlazorDevTools.Demo.Client.csproj" />
    <Project Path="Demo/BlazorDevTools.Demo/BlazorDevTools.Demo.csproj" />
  </Folder>
  <Folder Name="/src/">
    <Project Path="src/BlazorDevTools.Abstractions/BlazorDevTools.Abstractions.csproj" />
    <Project Path="src/BlazorDevTools.Server/BlazorDevTools.Server.csproj" />
    <Project Path="src/BlazorDevTools/BlazorDevTools.csproj" />
  </Folder>
  <Folder Name="/tests/">
    <Project Path="tests/BlazorDevTools.Benchmarks/BlazorDevTools.Benchmarks.csproj" />
    <Project Path="tests/BlazorDevTools.Tests/BlazorDevTools.Tests.csproj" />
  </Folder>
</Solution>
